
Microsoft Visual Studio Solution File, Format Version 12.00
# Visual Studio 15
VisualStudioVersion = 15.0.28307.572
MinimumVisualStudioVersion = 10.0.40219.1
Project("{9A19103F-16F7-4668-BE54-9A1E7A4F7556}") = "graphqldemo", "graphqldemo.csproj", "{8606C353-2C80-4A3A-BE42-A0A4D06E9274}"
EndProject
Global
	GlobalSection(SolutionConfigurationPlatforms) = preSolution
		Debug|Any CPU = Debug|Any CPU
		Release|Any CPU = Release|Any CPU
	EndGlobalSection
	GlobalSection(ProjectConfigurationPlatforms) = postSolution
		{8606C353-2C80-4A3A-BE42-A0A4D06E9274}.Debug|Any CPU.ActiveCfg = Debug|Any CPU
		{8606C353-2C80-4A3A-BE42-A0A4D06E9274}.Debug|Any CPU.Build.0 = Debug|Any CPU
		{8606C353-2C80-4A3A-BE42-A0A4D06E9274}.Release|Any CPU.ActiveCfg = Release|Any CPU
		{8606C353-2C80-4A3A-BE42-A0A4D06E9274}.Release|Any CPU.Build.0 = Release|Any CPU
	EndGlobalSection
	GlobalSection(SolutionProperties) = preSolution
		HideSolutionNode = FALSE
	EndGlobalSection
	GlobalSection(ExtensibilityGlobals) = postSolution
		SolutionGuid = {D6B2E564-F8A3-4334-9DA6-F5A4ABA42412}
	EndGlobalSection
EndGlobal
